PODS:
  - Flutter (1.0.0)
  - integration_test (0.0.1):
    - Flutter
  - jwplayer (0.0.1):
    - Flutter
    - JWPlayerKit (>= 4.25.0)
  - JWPlayerKit (4.26.2)

DEPENDENCIES:
  - Flutter (from `Flutter`)
  - integration_test (from `.symlinks/plugins/integration_test/ios`)
  - jwplayer (from `.symlinks/plugins/jwplayer/ios`)

SPEC REPOS:
  trunk:
    - JWPlayerKit

EXTERNAL SOURCES:
  Flutter:
    :path: Flutter
  integration_test:
    :path: ".symlinks/plugins/integration_test/ios"
  jwplayer:
    :path: ".symlinks/plugins/jwplayer/ios"

SPEC CHECKSUMS:
  Flutter: cabc95a1d2626b1b06e7179b784ebcf0c0cde467
  integration_test: 4a889634ef21a45d28d50d622cf412dc6d9f586e
  jwplayer: f4b1deaad3ce1a867196c33da731dbdeec9e34dd
  JWPlayerKit: 556fe03b0609cd5e93786cf0542626359cbb287d

PODFILE CHECKSUM: 4c438addb11b6da45ed7ae408823d68256222460

COCOAPODS: 1.16.2
